
Microsoft Visual Studio Solution File, Format Version 12.00
# Visual Studio Version 16
VisualStudioVersion = 16.0.29613.14
MinimumVisualStudioVersion = 10.0.40219.1
Project("{FAE04EC0-301F-11D3-BF4B-00C04F79EFBC}") = "LabyrinthApp", "LabyrinthApp\LabyrinthApp.csproj", "{826F7545-1474-4860-9AF7-937DD90B86BE}"
EndProject
Global
	GlobalSection(SolutionConfigurationPlatforms) = preSolution
		Debug|Any CPU = Debug|Any CPU
		Release|Any CPU = Release|Any CPU
	EndGlobalSection
	GlobalSection(ProjectConfigurationPlatforms) = postSolution
		{826F7545-1474-4860-9AF7-937DD90B86BE}.Debug|Any CPU.ActiveCfg = Debug|Any CPU
		{826F7545-1474-4860-9AF7-937DD90B86BE}.Debug|Any CPU.Build.0 = Debug|Any CPU
		{826F7545-1474-4860-9AF7-937DD90B86BE}.Release|Any CPU.ActiveCfg = Release|Any CPU
		{826F7545-1474-4860-9AF7-937DD90B86BE}.Release|Any CPU.Build.0 = Release|Any CPU
	EndGlobalSection
	GlobalSection(SolutionProperties) = preSolution
		HideSolutionNode = FALSE
	EndGlobalSection
	GlobalSection(ExtensibilityGlobals) = postSolution
		SolutionGuid = {243765FC-48D6-431C-B156-867FDA9228A7}
	EndGlobalSection
EndGlobal
